
Microsoft Visual Studio Solution File, Format Version 12.00
# Visual Studio Version 17
VisualStudioVersion = 17.7.34024.191
MinimumVisualStudioVersion = 10.0.40219.1
Project("{FAE04EC0-301F-11D3-BF4B-00C04F79EFBC}") = "ConsoleApp9", "ConsoleApp9\ConsoleApp9.csproj", "{EAFECC8A-5FEC-46E8-9EFF-06E6DCA98014}"
EndProject
Global
	GlobalSection(SolutionConfigurationPlatforms) = preSolution
		Debug|Any CPU = Debug|Any CPU
		Release|Any CPU = Release|Any CPU
	EndGlobalSection
	GlobalSection(ProjectConfigurationPlatforms) = postSolution
		{EAFECC8A-5FEC-46E8-9EFF-06E6DCA98014}.Debug|Any CPU.ActiveCfg = Debug|Any CPU
		{EAFECC8A-5FEC-46E8-9EFF-06E6DCA98014}.Debug|Any CPU.Build.0 = Debug|Any CPU
		{EAFECC8A-5FEC-46E8-9EFF-06E6DCA98014}.Release|Any CPU.ActiveCfg = Release|Any CPU
		{EAFECC8A-5FEC-46E8-9EFF-06E6DCA98014}.Release|Any CPU.Build.0 = Release|Any CPU
	EndGlobalSection
	GlobalSection(SolutionProperties) = preSolution
		HideSolutionNode = FALSE
	EndGlobalSection
	GlobalSection(ExtensibilityGlobals) = postSolution
		SolutionGuid = {66E32F5B-C648-479C-BB0E-D8C90F7318CD}
	EndGlobalSection
EndGlobal
